{
  "name": "proxy-journal",
  "version": "1.1.0",
  "lockfileVersion": 3,
  "requires": true,
  "packages": {
    "": {
      "name": "proxy-journal",
      "version": "1.1.0",
      "license": "MIT",
      "bin": {
        "pj": "bin/proxy-journal.mjs",
        "proxy-journal": "bin/proxy-journal.mjs"
      },
      "engines": {
        "node": ">=18"
      }
    }
  }
}
